// !$*UTF8*$!
{
	archiveVersion = 1;
	classes = {
	};
	objectVersion = 56;
	objects = {

/* Begin PBXBuildFile section */
		50B031952AF916F70088F4A3 /* AppDelegate.swift in Sources */ = {isa = PBXBuildFile; fileRef = 50B031942AF916F70088F4A3 /* AppDelegate.swift */; };
		50B031972AF916F70088F4A3 /* SceneDelegate.swift in Sources */ = {isa = PBXBuildFile; fileRef = 50B031962AF916F70088F4A3 /* SceneDelegate.swift */; };
		50B031992AF916F70088F4A3 /* ViewController.swift in Sources */ = {isa = PBXBuildFile; fileRef = 50B031982AF916F70088F4A3 /* ViewController.swift */; };
		50B0319C2AF916F70088F4A3 /* Main.storyboard in Resources */ = {isa = PBXBuildFile; fileRef = 50B0319A2AF916F70088F4A3 /* Main.storyboard */; };
		50B0319E2AF916F80088F4A3 /* Assets.xcassets in Resources */ = {isa = PBXBuildFile; fileRef = 50B0319D2AF916F80088F4A3 /* Assets.xcassets */; };
		50B031A12AF916F80088F4A3 /* LaunchScreen.storyboard in Resources */ = {isa = PBXBuildFile; fileRef = 50B0319F2AF916F80088F4A3 /* LaunchScreen.storyboard */; };
		50B031AC2AF916F80088F4A3 /* pdmprojectTests.swift in Sources */ = {isa = PBXBuildFile; fileRef = 50B031AB2AF916F80088F4A3 /* pdmprojectTests.swift */; };
		50B031B62AF916F80088F4A3 /* pdmprojectUITests.swift in Sources */ = {isa = PBXBuildFile; fileRef = 50B031B52AF916F80088F4A3 /* pdmprojectUITests.swift */; };
		50B031B82AF916F80088F4A3 /* pdmprojectUITestsLaunchTests.swift in Sources */ = {isa = PBXBuildFile; fileRef = 50B031B72AF916F80088F4A3 /* pdmprojectUITestsLaunchTests.swift */; };
/* End PBXBuildFile section */

/* Begin PBXContainerItemProxy section */
		50B031A82AF916F80088F4A3 /* PBXContainerItemProxy */ = {
			isa = PBXContainerItemProxy;
			containerPortal = 50B031892AF916F70088F4A3 /* Project object */;
			proxyType = 1;
			remoteGlobalIDString = 50B031902AF916F70088F4A3;
			remoteInfo = pdmproject;
		};
		50B031B22AF916F80088F4A3 /* PBXContainerItemProxy */ = {
			isa = PBXContainerItemProxy;
			containerPortal = 50B031892AF916F70088F4A3 /* Project object */;
			proxyType = 1;
			remoteGlobalIDString = 50B031902AF916F70088F4A3;
			remoteInfo = pdmproject;
		};
/* End PBXContainerItemProxy section */

/* Begin PBXFileReference section */
		50B031912AF916F70088F4A3 /* pdmproject.app */ = {isa = PBXFileReference; explicitFileType = wrapper.application; includeInIndex = 0; path = pdmproject.app; sourceTree = BUILT_PRODUCTS_DIR; };
		50B031942AF916F70088F4A3 /* AppDelegate.swift */ = {isa = PBXFileReference; lastKnownFileType = sourcecode.swift; path = AppDelegate.swift; sourceTree = "<group>"; };
		50B031962AF916F70088F4A3 /* SceneDelegate.swift */ = {isa = PBXFileReference; lastKnownFileType = sourcecode.swift; path = SceneDelegate.swift; sourceTree = "<group>"; };
		50B031982AF916F70088F4A3 /* ViewController.swift */ = {isa = PBXFileReference; lastKnownFileType = sourcecode.swift; path = ViewController.swift; sourceTree = "<group>"; };
		50B0319B2AF916F70088F4A3 /* Base */ = {isa = PBXFileReference; lastKnownFileType = file.storyboard; name = Base; path = Base.lproj/Main.storyboard; sourceTree = "<group>"; };
		50B0319D2AF916F80088F4A3 /* Assets.xcassets */ = {isa = PBXFileReference; lastKnownFileType = folder.assetcatalog; path = Assets.xcassets; sourceTree = "<group>"; };
		50B031A02AF916F80088F4A3 /* Base */ = {isa = PBXFileReference; lastKnownFileType = file.storyboard; name = Base; path = Base.lproj/LaunchScreen.storyboard; sourceTree = "<group>"; };
		50B031A22AF916F80088F4A3 /* Info.plist */ = {isa = PBXFileReference; lastKnownFileType = text.plist.xml; path = Info.plist; sourceTree = "<group>"; };
		50B031A72AF916F80088F4A3 /* pdmprojectTests.xctest */ = {isa = PBXFileReference; explicitFileType = wrapper.cfbundle; includeInIndex = 0; path = pdmprojectTests.xctest; sourceTree = BUILT_PRODUCTS_DIR; };
		50B031AB2AF916F80088F4A3 /* pdmprojectTests.swift */ = {isa = PBXFileReference; lastKnownFileType = sourcecode.swift; path = pdmprojectTests.swift; sourceTree = "<group>"; };
		50B031B12AF916F80088F4A3 /* pdmprojectUITests.xctest */ = {isa = PBXFileReference; explicitFileType = wrapper.cfbundle; includeInIndex = 0; path = pdmprojectUITests.xctest; sourceTree = BUILT_PRODUCTS_DIR; };
		50B031B52AF916F80088F4A3 /* pdmprojectUITests.swift */ = {isa = PBXFileReference; lastKnownFileType = sourcecode.swift; path = pdmprojectUITests.swift; sourceTree = "<group>"; };
		50B031B72AF916F80088F4A3 /* pdmprojectUITestsLaunchTests.swift */ = {isa = PBXFileReference; lastKnownFileType = sourcecode.swift; path = pdmprojectUITestsLaunchTests.swift; sourceTree = "<group>"; };
/* End PBXFileReference section */

/* Begin PBXFrameworksBuildPhase section */
		50B0318E2AF916F70088F4A3 /* Frameworks */ = {
			isa = PBXFrameworksBuildPhase;
			buildActionMask = 2147483647;
			files = (
			);
			runOnlyForDeploymentPostprocessing = 0;
		};
		50B031A42AF916F80088F4A3 /* Frameworks */ = {
			isa = PBXFrameworksBuildPhase;
			buildActionMask = 2147483647;
			files = (
			);
			runOnlyForDeploymentPostprocessing = 0;
		};
		50B031AE2AF916F80088F4A3 /* Frameworks */ = {
			isa = PBXFrameworksBuildPhase;
			buildActionMask = 2147483647;
			files = (
			);
			runOnlyForDeploymentPostprocessing = 0;
		};
/* End PBXFrameworksBuildPhase section */

/* Begin PBXGroup section */
		50B031882AF916F70088F4A3 = {
			isa = PBXGroup;
			children = (
				50B031932AF916F70088F4A3 /* pdmproject */,
				50B031AA2AF916F80088F4A3 /* pdmprojectTests */,
				50B031B42AF916F80088F4A3 /* pdmprojectUITests */,
				50B031922AF916F70088F4A3 /* Products */,
			);
			sourceTree = "<group>";
		};
		50B031922AF916F70088F4A3 /* Products */ = {
			isa = PBXGroup;
			children = (
				50B031912AF916F70088F4A3 /* pdmproject.app */,
				50B031A72AF916F80088F4A3 /* pdmprojectTests.xctest */,
				50B031B12AF916F80088F4A3 /* pdmprojectUITests.xctest */,
			);
			name = Products;
			sourceTree = "<group>";
		};
		50B031932AF916F70088F4A3 /* pdmproject */ = {
			isa = PBXGroup;
			children = (
				50B031942AF916F70088F4A3 /* AppDelegate.swift */,
				50B031962AF916F70088F4A3 /* SceneDelegate.swift */,
				50B031982AF916F70088F4A3 /* ViewController.swift */,
				50B0319A2AF916F70088F4A3 /* Main.storyboard */,
				50B0319D2AF916F80088F4A3 /* Assets.xcassets */,
				50B0319F2AF916F80088F4A3 /* LaunchScreen.storyboard */,
				50B031A22AF916F80088F4A3 /* Info.plist */,
			);
			path = pdmproject;
			sourceTree = "<group>";
		};
		50B031AA2AF916F80088F4A3 /* pdmprojectTests */ = {
			isa = PBXGroup;
			children = (
				50B031AB2AF916F80088F4A3 /* pdmprojectTests.swift */,
			);
			path = pdmprojectTests;
			sourceTree = "<group>";
		};
		50B031B42AF916F80088F4A3 /* pdmprojectUITests */ = {
			isa = PBXGroup;
			children = (
				50B031B52AF916F80088F4A3 /* pdmprojectUITests.swift */,
				50B031B72AF916F80088F4A3 /* pdmprojectUITestsLaunchTests.swift */,
			);
			path = pdmprojectUITests;
			sourceTree = "<group>";
		};
/* End PBXGroup section */

/* Begin PBXNativeTarget section */
		50B031902AF916F70088F4A3 /* pdmproject */ = {
			isa = PBXNativeTarget;
			buildConfigurationList = 50B031BB2AF916F80088F4A3 /* Build configuration list for PBXNativeTarget "pdmproject" */;
			buildPhases = (
				50B0318D2AF916F70088F4A3 /* Sources */,
				50B0318E2AF916F70088F4A3 /* Frameworks */,
				50B0318F2AF916F70088F4A3 /* Resources */,
			);
			buildRules = (
			);
			dependencies = (
			);
			name = pdmproject;
			productName = pdmproject;
			productReference = 50B031912AF916F70088F4A3 /* pdmproject.app */;
			productType = "com.apple.product-type.application";
		};
		50B031A62AF916F80088F4A3 /* pdmprojectTests */ = {
			isa = PBXNativeTarget;
			buildConfigurationList = 50B031BE2AF916F80088F4A3 /* Build configuration list for PBXNativeTarget "pdmprojectTests" */;
			buildPhases = (
				50B031A32AF916F80088F4A3 /* Sources */,
				50B031A42AF916F80088F4A3 /* Frameworks */,
				50B031A52AF916F80088F4A3 /* Resources */,
			);
			buildRules = (
			);
			dependencies = (
				50B031A92AF916F80088F4A3 /* PBXTargetDependency */,
			);
			name = pdmprojectTests;
			productName = pdmprojectTests;
			productReference = 50B031A72AF916F80088F4A3 /* pdmprojectTests.xctest */;
			productType = "com.apple.product-type.bundle.unit-test";
		};
		50B031B02AF916F80088F4A3 /* pdmprojectUITests */ = {
			isa = PBXNativeTarget;
			buildConfigurationList = 50B031C12AF916F80088F4A3 /* Build configuration list for PBXNativeTarget "pdmprojectUITests" */;
			buildPhases = (
				50B031AD2AF916F80088F4A3 /* Sources */,
				50B031AE2AF916F80088F4A3 /* Frameworks */,
				50B031AF2AF916F80088F4A3 /* Resources */,
			);
			buildRules = (
			);
			dependencies = (
				50B031B32AF916F80088F4A3 /* PBXTargetDependency */,
			);
			name = pdmprojectUITests;
			productName = pdmprojectUITests;
			productReference = 50B031B12AF916F80088F4A3 /* pdmprojectUITests.xctest */;
			productType = "com.apple.product-type.bundle.ui-testing";
		};
/* End PBXNativeTarget section */

/* Begin PBXProject section */
		50B031892AF916F70088F4A3 /* Project object */ = {
			isa = PBXProject;
			attributes = {
				BuildIndependentTargetsInParallel = 1;
				LastSwiftUpdateCheck = 1410;
				LastUpgradeCheck = 1410;
				TargetAttributes = {
					50B031902AF916F70088F4A3 = {
						CreatedOnToolsVersion = 14.1;
					};
					50B031A62AF916F80088F4A3 = {
						CreatedOnToolsVersion = 14.1;
						TestTargetID = 50B031902AF916F70088F4A3;
					};
					50B031B02AF916F80088F4A3 = {
						CreatedOnToolsVersion = 14.1;
						TestTargetID = 50B031902AF916F70088F4A3;
					};
				};
			};
			buildConfigurationList = 50B0318C2AF916F70088F4A3 /* Build configuration list for PBXProject "pdmproject" */;
			compatibilityVersion = "Xcode 14.0";
			developmentRegion = en;
			hasScannedForEncodings = 0;
			knownRegions = (
				en,
				Base,
			);
			mainGroup = 50B031882AF916F70088F4A3;
			productRefGroup = 50B031922AF916F70088F4A3 /* Products */;
			projectDirPath = "";
			projectRoot = "";
			targets = (
				50B031902AF916F70088F4A3 /* pdmproject */,
				50B031A62AF916F80088F4A3 /* pdmprojectTests */,
				50B031B02AF916F80088F4A3 /* pdmprojectUITests */,
			);
		};
/* End PBXProject section */

/* Begin PBXResourcesBuildPhase section */
		50B0318F2AF916F70088F4A3 /* Resources */ = {
			isa = PBXResourcesBuildPhase;
			buildActionMask = 2147483647;
			files = (
				50B031A12AF916F80088F4A3 /* LaunchScreen.storyboard in Resources */,
				50B0319E2AF916F80088F4A3 /* Assets.xcassets in Resources */,
				50B0319C2AF916F70088F4A3 /* Main.storyboard in Resources */,
			);
			runOnlyForDeploymentPostprocessing = 0;
		};
		50B031A52AF916F80088F4A3 /* Resources */ = {
			isa = PBXResourcesBuildPhase;
			buildActionMask = 2147483647;
			files = (
			);
			runOnlyForDeploymentPostprocessing = 0;
		};
		50B031AF2AF916F80088F4A3 /* Resources */ = {
			isa = PBXResourcesBuildPhase;
			buildActionMask = 2147483647;
			files = (
			);
			runOnlyForDeploymentPostprocessing = 0;
		};
/* End PBXResourcesBuildPhase section */

/* Begin PBXSourcesBuildPhase section */
		50B0318D2AF916F70088F4A3 /* Sources */ = {
			isa = PBXSourcesBuildPhase;
			buildActionMask = 2147483647;
			files = (
				50B031992AF916F70088F4A3 /* ViewController.swift in Sources */,
				50B031952AF916F70088F4A3 /* AppDelegate.swift in Sources */,
				50B031972AF916F70088F4A3 /* SceneDelegate.swift in Sources */,
			);
			runOnlyForDeploymentPostprocessing = 0;
		};
		50B031A32AF916F80088F4A3 /* Sources */ = {
			isa = PBXSourcesBuildPhase;
			buildActionMask = 2147483647;
			files = (
				50B031AC2AF916F80088F4A3 /* pdmprojectTests.swift in Sources */,
			);
			runOnlyForDeploymentPostprocessing = 0;
		};
		50B031AD2AF916F80088F4A3 /* Sources */ = {
			isa = PBXSourcesBuildPhase;
			buildActionMask = 2147483647;
			files = (
				50B031B82AF916F80088F4A3 /* pdmprojectUITestsLaunchTests.swift in Sources */,
				50B031B62AF916F80088F4A3 /* pdmprojectUITests.swift in Sources */,
			);
			runOnlyForDeploymentPostprocessing = 0;
		};
/* End PBXSourcesBuildPhase section */

/* Begin PBXTargetDependency section */
		50B031A92AF916F80088F4A3 /* PBXTargetDependency */ = {
			isa = PBXTargetDependency;
			target = 50B031902AF916F70088F4A3 /* pdmproject */;
			targetProxy = 50B031A82AF916F80088F4A3 /* PBXContainerItemProxy */;
		};
		50B031B32AF916F80088F4A3 /* PBXTargetDependency */ = {
			isa = PBXTargetDependency;
			target = 50B031902AF916F70088F4A3 /* pdmproject */;
			targetProxy = 50B031B22AF916F80088F4A3 /* PBXContainerItemProxy */;
		};
/* End PBXTargetDependency section */

/* Begin PBXVariantGroup section */
		50B0319A2AF916F70088F4A3 /* Main.storyboard */ = {
			isa = PBXVariantGroup;
			children = (
				50B0319B2AF916F70088F4A3 /* Base */,
			);
			name = Main.storyboard;
			sourceTree = "<group>";
		};
		50B0319F2AF916F80088F4A3 /* LaunchScreen.storyboard */ = {
			isa = PBXVariantGroup;
			children = (
				50B031A02AF916F80088F4A3 /* Base */,
			);
			name = LaunchScreen.storyboard;
			sourceTree = "<group>";
		};
/* End PBXVariantGroup section */

/* Begin XCBuildConfiguration section */
		50B031B92AF916F80088F4A3 /* Debug */ = {
			isa = XCBuildConfiguration;
			buildSettings = {
				ALWAYS_SEARCH_USER_PATHS = NO;
				CLANG_ANALYZER_NONNULL = YES;
				CLANG_ANALYZER_NUMBER_OBJECT_CONVERSION = YES_AGGRESSIVE;
				CLANG_CXX_LANGUAGE_STANDARD = "gnu++20";
				CLANG_ENABLE_MODULES = YES;
				CLANG_ENABLE_OBJC_ARC = YES;
				CLANG_ENABLE_OBJC_WEAK = YES;
				CLANG_WARN_BLOCK_CAPTURE_AUTORELEASING = YES;
				CLANG_WARN_BOOL_CONVERSION = YES;
				CLANG_WARN_COMMA = YES;
				CLANG_WARN_CONSTANT_CONVERSION = YES;
				CLANG_WARN_DEPRECATED_OBJC_IMPLEMENTATIONS = YES;
				CLANG_WARN_DIRECT_OBJC_ISA_USAGE = YES_ERROR;
				CLANG_WARN_DOCUMENTATION_COMMENTS = YES;
				CLANG_WARN_EMPTY_BODY = YES;
				CLANG_WARN_ENUM_CONVERSION = YES;
				CLANG_WARN_INFINITE_RECURSION = YES;
				CLANG_WARN_INT_CONVERSION = YES;
				CLANG_WARN_NON_LITERAL_NULL_CONVERSION = YES;
				CLANG_WARN_OBJC_IMPLICIT_RETAIN_SELF = YES;
				CLANG_WARN_OBJC_LITERAL_CONVERSION = YES;
				CLANG_WARN_OBJC_ROOT_CLASS = YES_ERROR;
				CLANG_WARN_QUOTED_INCLUDE_IN_FRAMEWORK_HEADER = YES;
				CLANG_WARN_RANGE_LOOP_ANALYSIS = YES;
				CLANG_WARN_STRICT_PROTOTYPES = YES;
				CLANG_WARN_SUSPICIOUS_MOVE = YES;
				CLANG_WARN_UNGUARDED_AVAILABILITY = YES_AGGRESSIVE;
				CLANG_WARN_UNREACHABLE_CODE = YES;
				CLANG_WARN__DUPLICATE_METHOD_MATCH = YES;
				COPY_PHASE_STRIP = NO;
				DEBUG_INFORMATION_FORMAT = dwarf;
				ENABLE_STRICT_OBJC_MSGSEND = YES;
				ENABLE_TESTABILITY = YES;
				GCC_C_LANGUAGE_STANDARD = gnu11;
				GCC_DYNAMIC_NO_PIC = NO;
				GCC_NO_COMMON_BLOCKS = YES;
				GCC_OPTIMIZATION_LEVEL = 0;
				GCC_PREPROCESSOR_DEFINITIONS = (
					"DEBUG=1",
					"$(inherited)",
				);
				GCC_WARN_64_TO_32_BIT_CONVERSION = YES;
				GCC_WARN_ABOUT_RETURN_TYPE = YES_ERROR;
				GCC_WARN_UNDECLARED_SELECTOR = YES;
				GCC_WARN_UNINITIALIZED_AUTOS = YES_AGGRESSIVE;
				GCC_WARN_UNUSED_FUNCTION = YES;
				GCC_WARN_UNUSED_VARIABLE = YES;
				IPHONEOS_DEPLOYMENT_TARGET = 16.1;
				MTL_ENABLE_DEBUG_INFO = INCLUDE_SOURCE;
				MTL_FAST_MATH = YES;
				ONLY_ACTIVE_ARCH = YES;
				SDKROOT = iphoneos;
				SWIFT_ACTIVE_COMPILATION_CONDITIONS = DEBUG;
				SWIFT_OPTIMIZATION_LEVEL = "-Onone";
			};
			name = Debug;
		};
		50B031BA2AF916F80088F4A3 /* Release */ = {
			isa = XCBuildConfiguration;
			buildSettings = {
				ALWAYS_SEARCH_USER_PATHS = NO;
				CLANG_ANALYZER_NONNULL = YES;
				CLANG_ANALYZER_NUMBER_OBJECT_CONVERSION = YES_AGGRESSIVE;
				CLANG_CXX_LANGUAGE_STANDARD = "gnu++20";
				CLANG_ENABLE_MODULES = YES;
				CLANG_ENABLE_OBJC_ARC = YES;
				CLANG_ENABLE_OBJC_WEAK = YES;
				CLANG_WARN_BLOCK_CAPTURE_AUTORELEASING = YES;
				CLANG_WARN_BOOL_CONVERSION = YES;
				CLANG_WARN_COMMA = YES;
				CLANG_WARN_CONSTANT_CONVERSION = YES;
				CLANG_WARN_DEPRECATED_OBJC_IMPLEMENTATIONS = YES;
				CLANG_WARN_DIRECT_OBJC_ISA_USAGE = YES_ERROR;
				CLANG_WARN_DOCUMENTATION_COMMENTS = YES;
				CLANG_WARN_EMPTY_BODY = YES;
				CLANG_WARN_ENUM_CONVERSION = YES;
				CLANG_WARN_INFINITE_RECURSION = YES;
				CLANG_WARN_INT_CONVERSION = YES;
				CLANG_WARN_NON_LITERAL_NULL_CONVERSION = YES;
				CLANG_WARN_OBJC_IMPLICIT_RETAIN_SELF = YES;
				CLANG_WARN_OBJC_LITERAL_CONVERSION = YES;
				CLANG_WARN_OBJC_ROOT_CLASS = YES_ERROR;
				CLANG_WARN_QUOTED_INCLUDE_IN_FRAMEWORK_HEADER = YES;
				CLANG_WARN_RANGE_LOOP_ANALYSIS = YES;
				CLANG_WARN_STRICT_PROTOTYPES = YES;
				CLANG_WARN_SUSPICIOUS_MOVE = YES;
				CLANG_WARN_UNGUARDED_AVAILABILITY = YES_AGGRESSIVE;
				CLANG_WARN_UNREACHABLE_CODE = YES;
				CLANG_WARN__DUPLICATE_METHOD_MATCH = YES;
				COPY_PHASE_STRIP = NO;
				DEBUG_INFORMATION_FORMAT = "dwarf-with-dsym";
				ENABLE_NS_ASSERTIONS = NO;
				ENABLE_STRICT_OBJC_MSGSEND = YES;
				GCC_C_LANGUAGE_STANDARD = gnu11;
				GCC_NO_COMMON_BLOCKS = YES;
				GCC_WARN_64_TO_32_BIT_CONVERSION = YES;
				GCC_WARN_ABOUT_RETURN_TYPE = YES_ERROR;
				GCC_WARN_UNDECLARED_SELECTOR = YES;
				GCC_WARN_UNINITIALIZED_AUTOS = YES_AGGRESSIVE;
				GCC_WARN_UNUSED_FUNCTION = YES;
				GCC_WARN_UNUSED_VARIABLE = YES;
				IPHONEOS_DEPLOYMENT_TARGET = 16.1;
				MTL_ENABLE_DEBUG_INFO = NO;
				MTL_FAST_MATH = YES;
				SDKROOT = iphoneos;
				SWIFT_COMPILATION_MODE = wholemodule;
				SWIFT_OPTIMIZATION_LEVEL = "-O";
				VALIDATE_PRODUCT = YES;
			};
			name = Release;
		};
		50B031BC2AF916F80088F4A3 /* Debug */ = {
			isa = XCBuildConfiguration;
			buildSettings = {
				ASSETCATALOG_COMPILER_APPICON_NAME = AppIcon;
				ASSETCATALOG_COMPILER_GLOBAL_ACCENT_COLOR_NAME = AccentColor;
				CODE_SIGN_STYLE = Automatic;
				CURRENT_PROJECT_VERSION = 1;
				GENERATE_INFOPLIST_FILE = YES;
				INFOPLIST_FILE = pdmproject/Info.plist;
				INFOPLIST_KEY_UIApplicationSupportsIndirectInputEvents = YES;
				INFOPLIST_KEY_UILaunchStoryboardName = LaunchScreen;
				INFOPLIST_KEY_UIMainStoryboardFile = Main;
				INFOPLIST_KEY_UISupportedInterfaceOrientations_iPad = "UIInterfaceOrientationPortrait UIInterfaceOrientationPortraitUpsideDown UIInterfaceOrientationLandscapeLeft UIInterfaceOrientationLandscapeRight";
				INFOPLIST_KEY_UISupportedInterfaceOrientations_iPhone = "UIInterfaceOrientationPortrait UIInterfaceOrientationLandscapeLeft UIInterfaceOrientationLandscapeRight";
				LD_RUNPATH_SEARCH_PATHS = (
					"$(inherited)",
					"@executable_path/Frameworks",
				);
				MARKETING_VERSION = 1.0;
				PRODUCT_BUNDLE_IDENTIFIER = pdm.pdmproject;
				PRODUCT_NAME = "$(TARGET_NAME)";
				SWIFT_EMIT_LOC_STRINGS = YES;
				SWIFT_VERSION = 5.0;
				TARGETED_DEVICE_FAMILY = "1,2";
			};
			name = Debug;
		};
		50B031BD2AF916F80088F4A3 /* Release */ = {
			isa = XCBuildConfiguration;
			buildSettings = {
				ASSETCATALOG_COMPILER_APPICON_NAME = AppIcon;
				ASSETCATALOG_COMPILER_GLOBAL_ACCENT_COLOR_NAME = AccentColor;
				CODE_SIGN_STYLE = Automatic;
				CURRENT_PROJECT_VERSION = 1;
				GENERATE_INFOPLIST_FILE = YES;
				INFOPLIST_FILE = pdmproject/Info.plist;
				INFOPLIST_KEY_UIApplicationSupportsIndirectInputEvents = YES;
				INFOPLIST_KEY_UILaunchStoryboardName = LaunchScreen;
				INFOPLIST_KEY_UIMainStoryboardFile = Main;
				INFOPLIST_KEY_UISupportedInterfaceOrientations_iPad = "UIInterfaceOrientationPortrait UIInterfaceOrientationPortraitUpsideDown UIInterfaceOrientationLandscapeLeft UIInterfaceOrientationLandscapeRight";
				INFOPLIST_KEY_UISupportedInterfaceOrientations_iPhone = "UIInterfaceOrientationPortrait UIInterfaceOrientationLandscapeLeft UIInterfaceOrientationLandscapeRight";
				LD_RUNPATH_SEARCH_PATHS = (
					"$(inherited)",
					"@executable_path/Frameworks",
				);
				MARKETING_VERSION = 1.0;
				PRODUCT_BUNDLE_IDENTIFIER = pdm.pdmproject;
				PRODUCT_NAME = "$(TARGET_NAME)";
				SWIFT_EMIT_LOC_STRINGS = YES;
				SWIFT_VERSION = 5.0;
				TARGETED_DEVICE_FAMILY = "1,2";
			};
			name = Release;
		};
		50B031BF2AF916F80088F4A3 /* Debug */ = {
			isa = XCBuildConfiguration;
			buildSettings = {
				ALWAYS_EMBED_SWIFT_STANDARD_LIBRARIES = YES;
				BUNDLE_LOADER = "$(TEST_HOST)";
				CODE_SIGN_STYLE = Automatic;
				CURRENT_PROJECT_VERSION = 1;
				GENERATE_INFOPLIST_FILE = YES;
				IPHONEOS_DEPLOYMENT_TARGET = 16.1;
				MARKETING_VERSION = 1.0;
				PRODUCT_BUNDLE_IDENTIFIER = pdm.pdmprojectTests;
				PRODUCT_NAME = "$(TARGET_NAME)";
				SWIFT_EMIT_LOC_STRINGS = NO;
				SWIFT_VERSION = 5.0;
				TARGETED_DEVICE_FAMILY = "1,2";
				TEST_HOST = "$(BUILT_PRODUCTS_DIR)/pdmproject.app/$(BUNDLE_EXECUTABLE_FOLDER_PATH)/pdmproject";
			};
			name = Debug;
		};
		50B031C02AF916F80088F4A3 /* Release */ = {
			isa = XCBuildConfiguration;
			buildSettings = {
				ALWAYS_EMBED_SWIFT_STANDARD_LIBRARIES = YES;
				BUNDLE_LOADER = "$(TEST_HOST)";
				CODE_SIGN_STYLE = Automatic;
				CURRENT_PROJECT_VERSION = 1;
				GENERATE_INFOPLIST_FILE = YES;
				IPHONEOS_DEPLOYMENT_TARGET = 16.1;
				MARKETING_VERSION = 1.0;
				PRODUCT_BUNDLE_IDENTIFIER = pdm.pdmprojectTests;
				PRODUCT_NAME = "$(TARGET_NAME)";
				SWIFT_EMIT_LOC_STRINGS = NO;
				SWIFT_VERSION = 5.0;
				TARGETED_DEVICE_FAMILY = "1,2";
				TEST_HOST = "$(BUILT_PRODUCTS_DIR)/pdmproject.app/$(BUNDLE_EXECUTABLE_FOLDER_PATH)/pdmproject";
			};
			name = Release;
		};
		50B031C22AF916F80088F4A3 /* Debug */ = {
			isa = XCBuildConfiguration;
			buildSettings = {
				ALWAYS_EMBED_SWIFT_STANDARD_LIBRARIES = YES;
				CODE_SIGN_STYLE = Automatic;
				CURRENT_PROJECT_VERSION = 1;
				GENERATE_INFOPLIST_FILE = YES;
				MARKETING_VERSION = 1.0;
				PRODUCT_BUNDLE_IDENTIFIER = pdm.pdmprojectUITests;
				PRODUCT_NAME = "$(TARGET_NAME)";
				SWIFT_EMIT_LOC_STRINGS = NO;
				SWIFT_VERSION = 5.0;
				TARGETED_DEVICE_FAMILY = "1,2";
				TEST_TARGET_NAME = pdmproject;
			};
			name = Debug;
		};
		50B031C32AF916F80088F4A3 /* Release */ = {
			isa = XCBuildConfiguration;
			buildSettings = {
				ALWAYS_EMBED_SWIFT_STANDARD_LIBRARIES = YES;
				CODE_SIGN_STYLE = Automatic;
				CURRENT_PROJECT_VERSION = 1;
				GENERATE_INFOPLIST_FILE = YES;
				MARKETING_VERSION = 1.0;
				PRODUCT_BUNDLE_IDENTIFIER = pdm.pdmprojectUITests;
				PRODUCT_NAME = "$(TARGET_NAME)";
				SWIFT_EMIT_LOC_STRINGS = NO;
				SWIFT_VERSION = 5.0;
				TARGETED_DEVICE_FAMILY = "1,2";
				TEST_TARGET_NAME = pdmproject;
			};
			name = Release;
		};
/* End XCBuildConfiguration section */

/* Begin XCConfigurationList section */
		50B0318C2AF916F70088F4A3 /* Build configuration list for PBXProject "pdmproject" */ = {
			isa = XCConfigurationList;
			buildConfigurations = (
				50B031B92AF916F80088F4A3 /* Debug */,
				50B031BA2AF916F80088F4A3 /* Release */,
			);
			defaultConfigurationIsVisible = 0;
			defaultConfigurationName = Release;
		};
		50B031BB2AF916F80088F4A3 /* Build configuration list for PBXNativeTarget "pdmproject" */ = {
			isa = XCConfigurationList;
			buildConfigurations = (
				50B031BC2AF916F80088F4A3 /* Debug */,
				50B031BD2AF916F80088F4A3 /* Release */,
			);
			defaultConfigurationIsVisible = 0;
			defaultConfigurationName = Release;
		};
		50B031BE2AF916F80088F4A3 /* Build configuration list for PBXNativeTarget "pdmprojectTests" */ = {
			isa = XCConfigurationList;
			buildConfigurations = (
				50B031BF2AF916F80088F4A3 /* Debug */,
				50B031C02AF916F80088F4A3 /* Release */,
			);
			defaultConfigurationIsVisible = 0;
			defaultConfigurationName = Release;
		};
		50B031C12AF916F80088F4A3 /* Build configuration list for PBXNativeTarget "pdmprojectUITests" */ = {
			isa = XCConfigurationList;
			buildConfigurations = (
				50B031C22AF916F80088F4A3 /* Debug */,
				50B031C32AF916F80088F4A3 /* Release */,
			);
			defaultConfigurationIsVisible = 0;
			defaultConfigurationName = Release;
		};
/* End XCConfigurationList section */
	};
	rootObject = 50B031892AF916F70088F4A3 /* Project object */;
}
