// !$*UTF8*$!
{
	archiveVersion = 1;
	classes = {
	};
	objectVersion = 56;
	objects = {

/* Begin PBXBuildFile section */
		139CC9252AF9B280006E8EEE /* lessonApp.swift in Sources */ = {isa = PBXBuildFile; fileRef = 139CC9242AF9B280006E8EEE /* lessonApp.swift */; };
		139CC9272AF9B280006E8EEE /* ContentView.swift in Sources */ = {isa = PBXBuildFile; fileRef = 139CC9262AF9B280006E8EEE /* ContentView.swift */; };
		139CC9292AF9B282006E8EEE /* Assets.xcassets in Resources */ = {isa = PBXBuildFile; fileRef = 139CC9282AF9B282006E8EEE /* Assets.xcassets */; };
		139CC92C2AF9B282006E8EEE /* Preview Assets.xcassets in Resources */ = {isa = PBXBuildFile; fileRef = 139CC92B2AF9B282006E8EEE /* Preview Assets.xcassets */; };
		139CC92E2AF9B282006E8EEE /* Persistence.swift in Sources */ = {isa = PBXBuildFile; fileRef = 139CC92D2AF9B282006E8EEE /* Persistence.swift */; };
		139CC9312AF9B282006E8EEE /* lesson.xcdatamodeld in Sources */ = {isa = PBXBuildFile; fileRef = 139CC92F2AF9B282006E8EEE /* lesson.xcdatamodeld */; };
		13AF9DF82AFA50DA00F3894B /* VideoDetailView.swift in Sources */ = {isa = PBXBuildFile; fileRef = 13AF9DF72AFA50DA00F3894B /* VideoDetailView.swift */; };
		13AF9DFC2AFA817200F3894B /* DescriptionInputView.swift in Sources */ = {isa = PBXBuildFile; fileRef = 13AF9DFB2AFA817200F3894B /* DescriptionInputView.swift */; };
/* End PBXBuildFile section */

/* Begin PBXFileReference section */
		139CC9212AF9B280006E8EEE /* lesson.app */ = {isa = PBXFileReference; explicitFileType = wrapper.application; includeInIndex = 0; path = lesson.app; sourceTree = BUILT_PRODUCTS_DIR; };
		139CC9242AF9B280006E8EEE /* lessonApp.swift */ = {isa = PBXFileReference; lastKnownFileType = sourcecode.swift; path = lessonApp.swift; sourceTree = "<group>"; };
		139CC9262AF9B280006E8EEE /* ContentView.swift */ = {isa = PBXFileReference; lastKnownFileType = sourcecode.swift; path = ContentView.swift; sourceTree = "<group>"; };
		139CC9282AF9B282006E8EEE /* Assets.xcassets */ = {isa = PBXFileReference; lastKnownFileType = folder.assetcatalog; path = Assets.xcassets; sourceTree = "<group>"; };
		139CC92B2AF9B282006E8EEE /* Preview Assets.xcassets */ = {isa = PBXFileReference; lastKnownFileType = folder.assetcatalog; path = "Preview Assets.xcassets"; sourceTree = "<group>"; };
		139CC92D2AF9B282006E8EEE /* Persistence.swift */ = {isa = PBXFileReference; lastKnownFileType = sourcecode.swift; path = Persistence.swift; sourceTree = "<group>"; };
		139CC9302AF9B282006E8EEE /* lesson.xcdatamodel */ = {isa = PBXFileReference; lastKnownFileType = wrapper.xcdatamodel; path = lesson.xcdatamodel; sourceTree = "<group>"; };
		13AF9DF72AFA50DA00F3894B /* VideoDetailView.swift */ = {isa = PBXFileReference; lastKnownFileType = sourcecode.swift; path = VideoDetailView.swift; sourceTree = "<group>"; };
		13AF9DFB2AFA817200F3894B /* DescriptionInputView.swift */ = {isa = PBXFileReference; lastKnownFileType = sourcecode.swift; path = DescriptionInputView.swift; sourceTree = "<group>"; };
/* End PBXFileReference section */

/* Begin PBXFrameworksBuildPhase section */
		139CC91E2AF9B280006E8EEE /* Frameworks */ = {
			isa = PBXFrameworksBuildPhase;
			buildActionMask = 2147483647;
			files = (
			);
			runOnlyForDeploymentPostprocessing = 0;
		};
/* End PBXFrameworksBuildPhase section */

/* Begin PBXGroup section */
		139CC9182AF9B280006E8EEE = {
			isa = PBXGroup;
			children = (
				139CC9232AF9B280006E8EEE /* lesson */,
				139CC9222AF9B280006E8EEE /* Products */,
			);
			sourceTree = "<group>";
		};
		139CC9222AF9B280006E8EEE /* Products */ = {
			isa = PBXGroup;
			children = (
				139CC9212AF9B280006E8EEE /* lesson.app */,
			);
			name = Products;
			sourceTree = "<group>";
		};
		139CC9232AF9B280006E8EEE /* lesson */ = {
			isa = PBXGroup;
			children = (
				139CC9242AF9B280006E8EEE /* lessonApp.swift */,
				139CC9262AF9B280006E8EEE /* ContentView.swift */,
				139CC9282AF9B282006E8EEE /* Assets.xcassets */,
				139CC92D2AF9B282006E8EEE /* Persistence.swift */,
				139CC92F2AF9B282006E8EEE /* lesson.xcdatamodeld */,
				139CC92A2AF9B282006E8EEE /* Preview Content */,
				13AF9DF72AFA50DA00F3894B /* VideoDetailView.swift */,
				13AF9DFB2AFA817200F3894B /* DescriptionInputView.swift */,
			);
			path = lesson;
			sourceTree = "<group>";
		};
		139CC92A2AF9B282006E8EEE /* Preview Content */ = {
			isa = PBXGroup;
			children = (
				139CC92B2AF9B282006E8EEE /* Preview Assets.xcassets */,
			);
			path = "Preview Content";
			sourceTree = "<group>";
		};
/* End PBXGroup section */

/* Begin PBXNativeTarget section */
		139CC9202AF9B280006E8EEE /* lesson */ = {
			isa = PBXNativeTarget;
			buildConfigurationList = 139CC9342AF9B282006E8EEE /* Build configuration list for PBXNativeTarget "lesson" */;
			buildPhases = (
				139CC91D2AF9B280006E8EEE /* Sources */,
				139CC91E2AF9B280006E8EEE /* Frameworks */,
				139CC91F2AF9B280006E8EEE /* Resources */,
			);
			buildRules = (
			);
			dependencies = (
			);
			name = lesson;
			productName = lesson;
			productReference = 139CC9212AF9B280006E8EEE /* lesson.app */;
			productType = "com.apple.product-type.application";
		};
/* End PBXNativeTarget section */

/* Begin PBXProject section */
		139CC9192AF9B280006E8EEE /* Project object */ = {
			isa = PBXProject;
			attributes = {
				BuildIndependentTargetsInParallel = 1;
				LastSwiftUpdateCheck = 1410;
				LastUpgradeCheck = 1410;
				TargetAttributes = {
					139CC9202AF9B280006E8EEE = {
						CreatedOnToolsVersion = 14.1;
					};
				};
			};
			buildConfigurationList = 139CC91C2AF9B280006E8EEE /* Build configuration list for PBXProject "lesson" */;
			compatibilityVersion = "Xcode 14.0";
			developmentRegion = en;
			hasScannedForEncodings = 0;
			knownRegions = (
				en,
				Base,
			);
			mainGroup = 139CC9182AF9B280006E8EEE;
			productRefGroup = 139CC9222AF9B280006E8EEE /* Products */;
			projectDirPath = "";
			projectRoot = "";
			targets = (
				139CC9202AF9B280006E8EEE /* lesson */,
			);
		};
/* End PBXProject section */

/* Begin PBXResourcesBuildPhase section */
		139CC91F2AF9B280006E8EEE /* Resources */ = {
			isa = PBXResourcesBuildPhase;
			buildActionMask = 2147483647;
			files = (
				139CC92C2AF9B282006E8EEE /* Preview Assets.xcassets in Resources */,
				139CC9292AF9B282006E8EEE /* Assets.xcassets in Resources */,
			);
			runOnlyForDeploymentPostprocessing = 0;
		};
/* End PBXResourcesBuildPhase section */

/* Begin PBXSourcesBuildPhase section */
		139CC91D2AF9B280006E8EEE /* Sources */ = {
			isa = PBXSourcesBuildPhase;
			buildActionMask = 2147483647;
			files = (
				13AF9DFC2AFA817200F3894B /* DescriptionInputView.swift in Sources */,
				139CC92E2AF9B282006E8EEE /* Persistence.swift in Sources */,
				139CC9272AF9B280006E8EEE /* ContentView.swift in Sources */,
				139CC9252AF9B280006E8EEE /* lessonApp.swift in Sources */,
				139CC9312AF9B282006E8EEE /* lesson.xcdatamodeld in Sources */,
				13AF9DF82AFA50DA00F3894B /* VideoDetailView.swift in Sources */,
			);
			runOnlyForDeploymentPostprocessing = 0;
		};
/* End PBXSourcesBuildPhase section */

/* Begin XCBuildConfiguration section */
		139CC9322AF9B282006E8EEE /* Debug */ = {
			isa = XCBuildConfiguration;
			buildSettings = {
				ALWAYS_SEARCH_USER_PATHS = NO;
				CLANG_ANALYZER_NONNULL = YES;
				CLANG_ANALYZER_NUMBER_OBJECT_CONVERSION = YES_AGGRESSIVE;
				CLANG_CXX_LANGUAGE_STANDARD = "gnu++20";
				CLANG_ENABLE_MODULES = YES;
				CLANG_ENABLE_OBJC_ARC = YES;
				CLANG_ENABLE_OBJC_WEAK = YES;
				CLANG_WARN_BLOCK_CAPTURE_AUTORELEASING = YES;
				CLANG_WARN_BOOL_CONVERSION = YES;
				CLANG_WARN_COMMA = YES;
				CLANG_WARN_CONSTANT_CONVERSION = YES;
				CLANG_WARN_DEPRECATED_OBJC_IMPLEMENTATIONS = YES;
				CLANG_WARN_DIRECT_OBJC_ISA_USAGE = YES_ERROR;
				CLANG_WARN_DOCUMENTATION_COMMENTS = YES;
				CLANG_WARN_EMPTY_BODY = YES;
				CLANG_WARN_ENUM_CONVERSION = YES;
				CLANG_WARN_INFINITE_RECURSION = YES;
				CLANG_WARN_INT_CONVERSION = YES;
				CLANG_WARN_NON_LITERAL_NULL_CONVERSION = YES;
				CLANG_WARN_OBJC_IMPLICIT_RETAIN_SELF = YES;
				CLANG_WARN_OBJC_LITERAL_CONVERSION = YES;
				CLANG_WARN_OBJC_ROOT_CLASS = YES_ERROR;
				CLANG_WARN_QUOTED_INCLUDE_IN_FRAMEWORK_HEADER = YES;
				CLANG_WARN_RANGE_LOOP_ANALYSIS = YES;
				CLANG_WARN_STRICT_PROTOTYPES = YES;
				CLANG_WARN_SUSPICIOUS_MOVE = YES;
				CLANG_WARN_UNGUARDED_AVAILABILITY = YES_AGGRESSIVE;
				CLANG_WARN_UNREACHABLE_CODE = YES;
				CLANG_WARN__DUPLICATE_METHOD_MATCH = YES;
				COPY_PHASE_STRIP = NO;
				DEBUG_INFORMATION_FORMAT = dwarf;
				ENABLE_STRICT_OBJC_MSGSEND = YES;
				ENABLE_TESTABILITY = YES;
				GCC_C_LANGUAGE_STANDARD = gnu11;
				GCC_DYNAMIC_NO_PIC = NO;
				GCC_NO_COMMON_BLOCKS = YES;
				GCC_OPTIMIZATION_LEVEL = 0;
				GCC_PREPROCESSOR_DEFINITIONS = (
					"DEBUG=1",
					"$(inherited)",
				);
				GCC_WARN_64_TO_32_BIT_CONVERSION = YES;
				GCC_WARN_ABOUT_RETURN_TYPE = YES_ERROR;
				GCC_WARN_UNDECLARED_SELECTOR = YES;
				GCC_WARN_UNINITIALIZED_AUTOS = YES_AGGRESSIVE;
				GCC_WARN_UNUSED_FUNCTION = YES;
				GCC_WARN_UNUSED_VARIABLE = YES;
				IPHONEOS_DEPLOYMENT_TARGET = 16.1;
				MTL_ENABLE_DEBUG_INFO = INCLUDE_SOURCE;
				MTL_FAST_MATH = YES;
				ONLY_ACTIVE_ARCH = YES;
				SDKROOT = iphoneos;
				SWIFT_ACTIVE_COMPILATION_CONDITIONS = DEBUG;
				SWIFT_OPTIMIZATION_LEVEL = "-Onone";
			};
			name = Debug;
		};
		139CC9332AF9B282006E8EEE /* Release */ = {
			isa = XCBuildConfiguration;
			buildSettings = {
				ALWAYS_SEARCH_USER_PATHS = NO;
				CLANG_ANALYZER_NONNULL = YES;
				CLANG_ANALYZER_NUMBER_OBJECT_CONVERSION = YES_AGGRESSIVE;
				CLANG_CXX_LANGUAGE_STANDARD = "gnu++20";
				CLANG_ENABLE_MODULES = YES;
				CLANG_ENABLE_OBJC_ARC = YES;
				CLANG_ENABLE_OBJC_WEAK = YES;
				CLANG_WARN_BLOCK_CAPTURE_AUTORELEASING = YES;
				CLANG_WARN_BOOL_CONVERSION = YES;
				CLANG_WARN_COMMA = YES;
				CLANG_WARN_CONSTANT_CONVERSION = YES;
				CLANG_WARN_DEPRECATED_OBJC_IMPLEMENTATIONS = YES;
				CLANG_WARN_DIRECT_OBJC_ISA_USAGE = YES_ERROR;
				CLANG_WARN_DOCUMENTATION_COMMENTS = YES;
				CLANG_WARN_EMPTY_BODY = YES;
				CLANG_WARN_ENUM_CONVERSION = YES;
				CLANG_WARN_INFINITE_RECURSION = YES;
				CLANG_WARN_INT_CONVERSION = YES;
				CLANG_WARN_NON_LITERAL_NULL_CONVERSION = YES;
				CLANG_WARN_OBJC_IMPLICIT_RETAIN_SELF = YES;
				CLANG_WARN_OBJC_LITERAL_CONVERSION = YES;
				CLANG_WARN_OBJC_ROOT_CLASS = YES_ERROR;
				CLANG_WARN_QUOTED_INCLUDE_IN_FRAMEWORK_HEADER = YES;
				CLANG_WARN_RANGE_LOOP_ANALYSIS = YES;
				CLANG_WARN_STRICT_PROTOTYPES = YES;
				CLANG_WARN_SUSPICIOUS_MOVE = YES;
				CLANG_WARN_UNGUARDED_AVAILABILITY = YES_AGGRESSIVE;
				CLANG_WARN_UNREACHABLE_CODE = YES;
				CLANG_WARN__DUPLICATE_METHOD_MATCH = YES;
				COPY_PHASE_STRIP = NO;
				DEBUG_INFORMATION_FORMAT = "dwarf-with-dsym";
				ENABLE_NS_ASSERTIONS = NO;
				ENABLE_STRICT_OBJC_MSGSEND = YES;
				GCC_C_LANGUAGE_STANDARD = gnu11;
				GCC_NO_COMMON_BLOCKS = YES;
				GCC_WARN_64_TO_32_BIT_CONVERSION = YES;
				GCC_WARN_ABOUT_RETURN_TYPE = YES_ERROR;
				GCC_WARN_UNDECLARED_SELECTOR = YES;
				GCC_WARN_UNINITIALIZED_AUTOS = YES_AGGRESSIVE;
				GCC_WARN_UNUSED_FUNCTION = YES;
				GCC_WARN_UNUSED_VARIABLE = YES;
				IPHONEOS_DEPLOYMENT_TARGET = 16.1;
				MTL_ENABLE_DEBUG_INFO = NO;
				MTL_FAST_MATH = YES;
				SDKROOT = iphoneos;
				SWIFT_COMPILATION_MODE = wholemodule;
				SWIFT_OPTIMIZATION_LEVEL = "-O";
				VALIDATE_PRODUCT = YES;
			};
			name = Release;
		};
		139CC9352AF9B282006E8EEE /* Debug */ = {
			isa = XCBuildConfiguration;
			buildSettings = {
				ASSETCATALOG_COMPILER_APPICON_NAME = AppIcon;
				ASSETCATALOG_COMPILER_GLOBAL_ACCENT_COLOR_NAME = AccentColor;
				CODE_SIGN_STYLE = Automatic;
				CURRENT_PROJECT_VERSION = 1;
				DEVELOPMENT_ASSET_PATHS = "\"lesson/Preview Content\"";
				ENABLE_PREVIEWS = YES;
				GENERATE_INFOPLIST_FILE = YES;
				INFOPLIST_KEY_UIApplicationSceneManifest_Generation = YES;
				INFOPLIST_KEY_UIApplicationSupportsIndirectInputEvents = YES;
				INFOPLIST_KEY_UILaunchScreen_Generation = YES;
				INFOPLIST_KEY_UISupportedInterfaceOrientations_iPad = "UIInterfaceOrientationPortrait UIInterfaceOrientationPortraitUpsideDown UIInterfaceOrientationLandscapeLeft UIInterfaceOrientationLandscapeRight";
				INFOPLIST_KEY_UISupportedInterfaceOrientations_iPhone = "UIInterfaceOrientationPortrait UIInterfaceOrientationLandscapeLeft UIInterfaceOrientationLandscapeRight";
				LD_RUNPATH_SEARCH_PATHS = (
					"$(inherited)",
					"@executable_path/Frameworks",
				);
				MARKETING_VERSION = 1.0;
				PRODUCT_BUNDLE_IDENTIFIER = esprit.tn.lesson;
				PRODUCT_NAME = "$(TARGET_NAME)";
				SWIFT_EMIT_LOC_STRINGS = YES;
				SWIFT_VERSION = 5.0;
				TARGETED_DEVICE_FAMILY = "1,2";
			};
			name = Debug;
		};
		139CC9362AF9B282006E8EEE /* Release */ = {
			isa = XCBuildConfiguration;
			buildSettings = {
				ASSETCATALOG_COMPILER_APPICON_NAME = AppIcon;
				ASSETCATALOG_COMPILER_GLOBAL_ACCENT_COLOR_NAME = AccentColor;
				CODE_SIGN_STYLE = Automatic;
				CURRENT_PROJECT_VERSION = 1;
				DEVELOPMENT_ASSET_PATHS = "\"lesson/Preview Content\"";
				ENABLE_PREVIEWS = YES;
				GENERATE_INFOPLIST_FILE = YES;
				INFOPLIST_KEY_UIApplicationSceneManifest_Generation = YES;
				INFOPLIST_KEY_UIApplicationSupportsIndirectInputEvents = YES;
				INFOPLIST_KEY_UILaunchScreen_Generation = YES;
				INFOPLIST_KEY_UISupportedInterfaceOrientations_iPad = "UIInterfaceOrientationPortrait UIInterfaceOrientationPortraitUpsideDown UIInterfaceOrientationLandscapeLeft UIInterfaceOrientationLandscapeRight";
				INFOPLIST_KEY_UISupportedInterfaceOrientations_iPhone = "UIInterfaceOrientationPortrait UIInterfaceOrientationLandscapeLeft UIInterfaceOrientationLandscapeRight";
				LD_RUNPATH_SEARCH_PATHS = (
					"$(inherited)",
					"@executable_path/Frameworks",
				);
				MARKETING_VERSION = 1.0;
				PRODUCT_BUNDLE_IDENTIFIER = esprit.tn.lesson;
				PRODUCT_NAME = "$(TARGET_NAME)";
				SWIFT_EMIT_LOC_STRINGS = YES;
				SWIFT_VERSION = 5.0;
				TARGETED_DEVICE_FAMILY = "1,2";
			};
			name = Release;
		};
/* End XCBuildConfiguration section */

/* Begin XCConfigurationList section */
		139CC91C2AF9B280006E8EEE /* Build configuration list for PBXProject "lesson" */ = {
			isa = XCConfigurationList;
			buildConfigurations = (
				139CC9322AF9B282006E8EEE /* Debug */,
				139CC9332AF9B282006E8EEE /* Release */,
			);
			defaultConfigurationIsVisible = 0;
			defaultConfigurationName = Release;
		};
		139CC9342AF9B282006E8EEE /* Build configuration list for PBXNativeTarget "lesson" */ = {
			isa = XCConfigurationList;
			buildConfigurations = (
				139CC9352AF9B282006E8EEE /* Debug */,
				139CC9362AF9B282006E8EEE /* Release */,
			);
			defaultConfigurationIsVisible = 0;
			defaultConfigurationName = Release;
		};
/* End XCConfigurationList section */

/* Begin XCVersionGroup section */
		139CC92F2AF9B282006E8EEE /* lesson.xcdatamodeld */ = {
			isa = XCVersionGroup;
			children = (
				139CC9302AF9B282006E8EEE /* lesson.xcdatamodel */,
			);
			currentVersion = 139CC9302AF9B282006E8EEE /* lesson.xcdatamodel */;
			path = lesson.xcdatamodeld;
			sourceTree = "<group>";
			versionGroupType = wrapper.xcdatamodel;
		};
/* End XCVersionGroup section */
	};
	rootObject = 139CC9192AF9B280006E8EEE /* Project object */;
}
